<?xml version="1.0" encoding="UTF-8"?>
<CodeBlocks_project_file>
	<FileVersion major="1" minor="6"/>
	<Project>
		<Option title="walkers"/>
		<Option makefile_is_custom="1"/>
		<Option compiler="gcc"/>
		<Option virtualFolders="CMake Files\;CMake Files\CMake\;CMake Files\CMake\Modules\;"/>
		<Build>
			<Target title="all">
				<Option working_dir="/home/garg/code/games/walkers"/>
				<Option type="4"/>
				<MakeCommands>
					<Build command="/usr/bin/ninja -v all"/>
					<CompileFile command="/usr/bin/ninja -v &quot;$file&quot;"/>
					<Clean command="/usr/bin/ninja -v clean"/>
					<DistClean command="/usr/bin/ninja -v clean"/>
				</MakeCommands>
			</Target>
			<Target title="install/strip">
				<Option working_dir="/home/garg/code/games/walkers"/>
				<Option type="4"/>
				<MakeCommands>
					<Build command="/usr/bin/ninja -v install/strip"/>
					<CompileFile command="/usr/bin/ninja -v &quot;$file&quot;"/>
					<Clean command="/usr/bin/ninja -v clean"/>
					<DistClean command="/usr/bin/ninja -v clean"/>
				</MakeCommands>
			</Target>
			<Target title="install/local">
				<Option working_dir="/home/garg/code/games/walkers"/>
				<Option type="4"/>
				<MakeCommands>
					<Build command="/usr/bin/ninja -v install/local"/>
					<CompileFile command="/usr/bin/ninja -v &quot;$file&quot;"/>
					<Clean command="/usr/bin/ninja -v clean"/>
					<DistClean command="/usr/bin/ninja -v clean"/>
				</MakeCommands>
			</Target>
			<Target title="rebuild_cache">
				<Option working_dir="/home/garg/code/games/walkers"/>
				<Option type="4"/>
				<MakeCommands>
					<Build command="/usr/bin/ninja -v rebuild_cache"/>
					<CompileFile command="/usr/bin/ninja -v &quot;$file&quot;"/>
					<Clean command="/usr/bin/ninja -v clean"/>
					<DistClean command="/usr/bin/ninja -v clean"/>
				</MakeCommands>
			</Target>
			<Target title="edit_cache">
				<Option working_dir="/home/garg/code/games/walkers"/>
				<Option type="4"/>
				<MakeCommands>
					<Build command="/usr/bin/ninja -v edit_cache"/>
					<CompileFile command="/usr/bin/ninja -v &quot;$file&quot;"/>
					<Clean command="/usr/bin/ninja -v clean"/>
					<DistClean command="/usr/bin/ninja -v clean"/>
				</MakeCommands>
			</Target>
			<Target title="install">
				<Option working_dir="/home/garg/code/games/walkers"/>
				<Option type="4"/>
				<MakeCommands>
					<Build command="/usr/bin/ninja -v install"/>
					<CompileFile command="/usr/bin/ninja -v &quot;$file&quot;"/>
					<Clean command="/usr/bin/ninja -v clean"/>
					<DistClean command="/usr/bin/ninja -v clean"/>
				</MakeCommands>
			</Target>
			<Target title="walkers">
				<Option output="/home/garg/code/games/walkers/bin/walkers" prefix_auto="0" extension_auto="0"/>
				<Option working_dir="/home/garg/code/games/walkers/bin"/>
				<Option object_output="./"/>
				<Option type="1"/>
				<Option compiler="gcc"/>
				<Compiler>
					<Add option="-DURHO3D_PROFILING"/>
					<Add option="-DURHO3D_LOGGING"/>
					<Add option="-DURHO3D_THREADING"/>
					<Add option="-DGLEW_STATIC"/>
					<Add option="-DGLEW_NO_GLU"/>
					<Add option="-DURHO3D_STATIC_DEFINE"/>
					<Add option="-DURHO3D_ANGELSCRIPT"/>
					<Add option="-DURHO3D_LUA"/>
					<Add option="-DTOLUA_RELEASE"/>
					<Add option="-DURHO3D_NAVIGATION"/>
					<Add option="-DURHO3D_NETWORK"/>
					<Add option="-DURHO3D_PHYSICS"/>
					<Add option="-DURHO3D_URHO2D"/>
					<Add directory="/home/garg/urho/Urho3D/build/include"/>
					<Add directory="/home/garg/urho/Urho3D/build/include/Urho3D/ThirdParty"/>
					<Add directory="/home/garg/urho/Urho3D/build/include/Urho3D/ThirdParty/Bullet"/>
					<Add directory="/home/garg/urho/Urho3D/build/include/Urho3D/ThirdParty/Lua"/>
					<Add directory="/home/garg/code/games/walkers/src"/>
					<Add directory="/usr/lib/gcc/x86_64-pc-linux-gnu/6.3.1/../../../../include/c++/6.3.1"/>
					<Add directory="/usr/lib/gcc/x86_64-pc-linux-gnu/6.3.1/../../../../include/c++/6.3.1/x86_64-pc-linux-gnu"/>
					<Add directory="/usr/lib/gcc/x86_64-pc-linux-gnu/6.3.1/../../../../include/c++/6.3.1/backward"/>
					<Add directory="/usr/lib/gcc/x86_64-pc-linux-gnu/6.3.1/include"/>
					<Add directory="/usr/local/include"/>
					<Add directory="/usr/lib/gcc/x86_64-pc-linux-gnu/6.3.1/include-fixed"/>
					<Add directory="/usr/include"/>
				</Compiler>
				<MakeCommands>
					<Build command="/usr/bin/ninja -v walkers"/>
					<CompileFile command="/usr/bin/ninja -v &quot;$file&quot;"/>
					<Clean command="/usr/bin/ninja -v clean"/>
					<DistClean command="/usr/bin/ninja -v clean"/>
				</MakeCommands>
			</Target>
			<Target title="walkers/fast">
				<Option output="/home/garg/code/games/walkers/bin/walkers" prefix_auto="0" extension_auto="0"/>
				<Option working_dir="/home/garg/code/games/walkers/bin"/>
				<Option object_output="./"/>
				<Option type="1"/>
				<Option compiler="gcc"/>
				<Compiler>
					<Add option="-DURHO3D_PROFILING"/>
					<Add option="-DURHO3D_LOGGING"/>
					<Add option="-DURHO3D_THREADING"/>
					<Add option="-DGLEW_STATIC"/>
					<Add option="-DGLEW_NO_GLU"/>
					<Add option="-DURHO3D_STATIC_DEFINE"/>
					<Add option="-DURHO3D_ANGELSCRIPT"/>
					<Add option="-DURHO3D_LUA"/>
					<Add option="-DTOLUA_RELEASE"/>
					<Add option="-DURHO3D_NAVIGATION"/>
					<Add option="-DURHO3D_NETWORK"/>
					<Add option="-DURHO3D_PHYSICS"/>
					<Add option="-DURHO3D_URHO2D"/>
					<Add directory="/home/garg/urho/Urho3D/build/include"/>
					<Add directory="/home/garg/urho/Urho3D/build/include/Urho3D/ThirdParty"/>
					<Add directory="/home/garg/urho/Urho3D/build/include/Urho3D/ThirdParty/Bullet"/>
					<Add directory="/home/garg/urho/Urho3D/build/include/Urho3D/ThirdParty/Lua"/>
					<Add directory="/home/garg/code/games/walkers/src"/>
					<Add directory="/usr/lib/gcc/x86_64-pc-linux-gnu/6.3.1/../../../../include/c++/6.3.1"/>
					<Add directory="/usr/lib/gcc/x86_64-pc-linux-gnu/6.3.1/../../../../include/c++/6.3.1/x86_64-pc-linux-gnu"/>
					<Add directory="/usr/lib/gcc/x86_64-pc-linux-gnu/6.3.1/../../../../include/c++/6.3.1/backward"/>
					<Add directory="/usr/lib/gcc/x86_64-pc-linux-gnu/6.3.1/include"/>
					<Add directory="/usr/local/include"/>
					<Add directory="/usr/lib/gcc/x86_64-pc-linux-gnu/6.3.1/include-fixed"/>
					<Add directory="/usr/include"/>
				</Compiler>
				<MakeCommands>
					<Build command="/usr/bin/ninja -v walkers/fast"/>
					<CompileFile command="/usr/bin/ninja -v &quot;$file&quot;"/>
					<Clean command="/usr/bin/ninja -v clean"/>
					<DistClean command="/usr/bin/ninja -v clean"/>
				</MakeCommands>
			</Target>
			<Target title="list_install_components">
				<Option working_dir="/home/garg/code/games/walkers"/>
				<Option type="4"/>
				<MakeCommands>
					<Build command="/usr/bin/ninja -v list_install_components"/>
					<CompileFile command="/usr/bin/ninja -v &quot;$file&quot;"/>
					<Clean command="/usr/bin/ninja -v clean"/>
					<DistClean command="/usr/bin/ninja -v clean"/>
				</MakeCommands>
			</Target>
		</Build>
		<Unit filename="/home/garg/code/games/walkers/bin/CoreData">
			<Option target="walkers"/>
		</Unit>
		<Unit filename="/home/garg/code/games/walkers/bin/Data">
			<Option target="walkers"/>
		</Unit>
		<Unit filename="/home/garg/code/games/walkers/src/Sample.h">
			<Option target="walkers"/>
		</Unit>
		<Unit filename="/home/garg/code/games/walkers/src/main.cpp">
			<Option target="walkers"/>
		</Unit>
		<Unit filename="/home/garg/code/games/walkers/src/main.h">
			<Option target="walkers"/>
		</Unit>
		<Unit filename="/home/garg/code/games/walkers/CMakeLists.txt">
			<Option virtualFolder="CMake Files\"/>
		</Unit>
		<Unit filename="/home/garg/code/games/walkers/CMake/Modules/Urho3D-CMake-common.cmake">
			<Option virtualFolder="CMake Files\CMake\Modules\"/>
		</Unit>
		<Unit filename="/home/garg/code/games/walkers/CMake/Modules/CheckHost.cmake">
			<Option virtualFolder="CMake Files\CMake\Modules\"/>
		</Unit>
		<Unit filename="/home/garg/code/games/walkers/CMake/Modules/CheckCompilerToolchain.cmake">
			<Option virtualFolder="CMake Files\CMake\Modules\"/>
		</Unit>
		<Unit filename="/home/garg/code/games/walkers/CMake/Modules/FindUrho3D.cmake">
			<Option virtualFolder="CMake Files\CMake\Modules\"/>
		</Unit>
		<Unit filename="/home/garg/code/games/walkers/CMake/Modules/GenerateExportHeader.cmake">
			<Option virtualFolder="CMake Files\CMake\Modules\"/>
		</Unit>
	</Project>
</CodeBlocks_project_file>
